
Microsoft Visual Studio Solution File, Format Version 12.00
# Visual Studio Version 17
VisualStudioVersion = 17.8.34511.84
MinimumVisualStudioVersion = 10.0.40219.1
Project("{FAE04EC0-301F-11D3-BF4B-00C04F79EFBC}") = "BelieveOrNot", "BelieveOrNot\BelieveOrNot.csproj", "{DD56BB1A-3457-4BD0-946E-10679BD2931A}"
EndProject
Global
	GlobalSection(SolutionConfigurationPlatforms) = preSolution
		Debug|Any CPU = Debug|Any CPU
		Release|Any CPU = Release|Any CPU
	EndGlobalSection
	GlobalSection(ProjectConfigurationPlatforms) = postSolution
		{DD56BB1A-3457-4BD0-946E-10679BD2931A}.Debug|Any CPU.ActiveCfg = Debug|Any CPU
		{DD56BB1A-3457-4BD0-946E-10679BD2931A}.Debug|Any CPU.Build.0 = Debug|Any CPU
		{DD56BB1A-3457-4BD0-946E-10679BD2931A}.Release|Any CPU.ActiveCfg = Release|Any CPU
		{DD56BB1A-3457-4BD0-946E-10679BD2931A}.Release|Any CPU.Build.0 = Release|Any CPU
	EndGlobalSection
	GlobalSection(SolutionProperties) = preSolution
		HideSolutionNode = FALSE
	EndGlobalSection
	GlobalSection(ExtensibilityGlobals) = postSolution
		SolutionGuid = {9EB51FF1-E7F7-4780-AF7B-1168B1357699}
	EndGlobalSection
EndGlobal
